
Microsoft Visual Studio Solution File, Format Version 12.00
# Visual Studio 15
VisualStudioVersion = 15.0.27004.2005
MinimumVisualStudioVersion = 10.0.40219.1
Project("{FAE04EC0-301F-11D3-BF4B-00C04F79EFBC}") = "Serialization", "Serialization\Serialization.csproj", "{997D7FAB-A979-4526-ABF6-D6AEE1646BAA}"
EndProject
Global
	GlobalSection(SolutionConfigurationPlatforms) = preSolution
		Debug|Any CPU = Debug|Any CPU
		Release|Any CPU = Release|Any CPU
	EndGlobalSection
	GlobalSection(ProjectConfigurationPlatforms) = postSolution
		{997D7FAB-A979-4526-ABF6-D6AEE1646BAA}.Debug|Any CPU.ActiveCfg = Debug|Any CPU
		{997D7FAB-A979-4526-ABF6-D6AEE1646BAA}.Debug|Any CPU.Build.0 = Debug|Any CPU
		{997D7FAB-A979-4526-ABF6-D6AEE1646BAA}.Release|Any CPU.ActiveCfg = Release|Any CPU
		{997D7FAB-A979-4526-ABF6-D6AEE1646BAA}.Release|Any CPU.Build.0 = Release|Any CPU
	EndGlobalSection
	GlobalSection(SolutionProperties) = preSolution
		HideSolutionNode = FALSE
	EndGlobalSection
	GlobalSection(ExtensibilityGlobals) = postSolution
		SolutionGuid = {621D4190-B4B1-49B2-97F4-45E65A30A546}
	EndGlobalSection
EndGlobal
